// !$*UTF8*$!
{
	archiveVersion = 1;
	classes = {
	};
	objectVersion = 56;
	objects = {

/* Begin PBXBuildFile section */
		6C01494529E82A46000C0D8E /* FileHandler.swift in Sources */ = {isa = PBXBuildFile; fileRef = 6C01494429E82A46000C0D8E /* FileHandler.swift */; };
		6C29406229E00D5800C501D7 /* AppDelegate.swift in Sources */ = {isa = PBXBuildFile; fileRef = 6C29406129E00D5800C501D7 /* AppDelegate.swift */; };
		6C29406429E00D5800C501D7 /* SceneDelegate.swift in Sources */ = {isa = PBXBuildFile; fileRef = 6C29406329E00D5800C501D7 /* SceneDelegate.swift */; };
		6C29406629E00D5800C501D7 /* ContactsVC.swift in Sources */ = {isa = PBXBuildFile; fileRef = 6C29406529E00D5800C501D7 /* ContactsVC.swift */; };
		6C29406B29E00D5B00C501D7 /* Assets.xcassets in Resources */ = {isa = PBXBuildFile; fileRef = 6C29406A29E00D5B00C501D7 /* Assets.xcassets */; };
		6C29406E29E00D5B00C501D7 /* LaunchScreen.storyboard in Resources */ = {isa = PBXBuildFile; fileRef = 6C29406C29E00D5B00C501D7 /* LaunchScreen.storyboard */; };
		6C29407A29E0113400C501D7 /* ContactModel.swift in Sources */ = {isa = PBXBuildFile; fileRef = 6C29407929E0113400C501D7 /* ContactModel.swift */; };
		6C29407F29E0160E00C501D7 /* AddContactVC.swift in Sources */ = {isa = PBXBuildFile; fileRef = 6C29407E29E0160E00C501D7 /* AddContactVC.swift */; };
		6C29408129E0164000C501D7 /* AddSurnameTableViewCell.swift in Sources */ = {isa = PBXBuildFile; fileRef = 6C29408029E0164000C501D7 /* AddSurnameTableViewCell.swift */; };
		6C32BB1B29E2DCF800379A9A /* AddNameTableViewCell.swift in Sources */ = {isa = PBXBuildFile; fileRef = 6C32BB1A29E2DCF800379A9A /* AddNameTableViewCell.swift */; };
		6C32BB1D29E2DE1800379A9A /* AddPhoneTableViewCell.swift in Sources */ = {isa = PBXBuildFile; fileRef = 6C32BB1C29E2DE1800379A9A /* AddPhoneTableViewCell.swift */; };
		6C32BB2029E2E5C200379A9A /* UITextFieldExtension.swift in Sources */ = {isa = PBXBuildFile; fileRef = 6C32BB1F29E2E5C200379A9A /* UITextFieldExtension.swift */; };
		6C32BB2229E2EDDE00379A9A /* SettingVC.swift in Sources */ = {isa = PBXBuildFile; fileRef = 6C32BB2129E2EDDE00379A9A /* SettingVC.swift */; };
		6C32BB2429E2F3BE00379A9A /* SettingTableViewCell.swift in Sources */ = {isa = PBXBuildFile; fileRef = 6C32BB2329E2F3BE00379A9A /* SettingTableViewCell.swift */; };
		6C3876CB29E0571800C53440 /* ContactsTableViewCell.swift in Sources */ = {isa = PBXBuildFile; fileRef = 6C3876CA29E0571800C53440 /* ContactsTableViewCell.swift */; };
/* End PBXBuildFile section */

/* Begin PBXFileReference section */
		6C01494429E82A46000C0D8E /* FileHandler.swift */ = {isa = PBXFileReference; lastKnownFileType = sourcecode.swift; path = FileHandler.swift; sourceTree = "<group>"; };
		6C29405E29E00D5800C501D7 /* ContactsApp.app */ = {isa = PBXFileReference; explicitFileType = wrapper.application; includeInIndex = 0; path = ContactsApp.app; sourceTree = BUILT_PRODUCTS_DIR; };
		6C29406129E00D5800C501D7 /* AppDelegate.swift */ = {isa = PBXFileReference; lastKnownFileType = sourcecode.swift; path = AppDelegate.swift; sourceTree = "<group>"; };
		6C29406329E00D5800C501D7 /* SceneDelegate.swift */ = {isa = PBXFileReference; lastKnownFileType = sourcecode.swift; path = SceneDelegate.swift; sourceTree = "<group>"; };
		6C29406529E00D5800C501D7 /* ContactsVC.swift */ = {isa = PBXFileReference; lastKnownFileType = sourcecode.swift; path = ContactsVC.swift; sourceTree = "<group>"; };
		6C29406A29E00D5B00C501D7 /* Assets.xcassets */ = {isa = PBXFileReference; lastKnownFileType = folder.assetcatalog; path = Assets.xcassets; sourceTree = "<group>"; };
		6C29406D29E00D5B00C501D7 /* Base */ = {isa = PBXFileReference; lastKnownFileType = file.storyboard; name = Base; path = Base.lproj/LaunchScreen.storyboard; sourceTree = "<group>"; };
		6C29406F29E00D5B00C501D7 /* Info.plist */ = {isa = PBXFileReference; lastKnownFileType = text.plist.xml; path = Info.plist; sourceTree = "<group>"; };
		6C29407929E0113400C501D7 /* ContactModel.swift */ = {isa = PBXFileReference; lastKnownFileType = sourcecode.swift; path = ContactModel.swift; sourceTree = "<group>"; };
		6C29407E29E0160E00C501D7 /* AddContactVC.swift */ = {isa = PBXFileReference; lastKnownFileType = sourcecode.swift; path = AddContactVC.swift; sourceTree = "<group>"; };
		6C29408029E0164000C501D7 /* AddSurnameTableViewCell.swift */ = {isa = PBXFileReference; lastKnownFileType = sourcecode.swift; path = AddSurnameTableViewCell.swift; sourceTree = "<group>"; };
		6C32BB1A29E2DCF800379A9A /* AddNameTableViewCell.swift */ = {isa = PBXFileReference; lastKnownFileType = sourcecode.swift; path = AddNameTableViewCell.swift; sourceTree = "<group>"; };
		6C32BB1C29E2DE1800379A9A /* AddPhoneTableViewCell.swift */ = {isa = PBXFileReference; lastKnownFileType = sourcecode.swift; path = AddPhoneTableViewCell.swift; sourceTree = "<group>"; };
		6C32BB1F29E2E5C200379A9A /* UITextFieldExtension.swift */ = {isa = PBXFileReference; lastKnownFileType = sourcecode.swift; path = UITextFieldExtension.swift; sourceTree = "<group>"; };
		6C32BB2129E2EDDE00379A9A /* SettingVC.swift */ = {isa = PBXFileReference; lastKnownFileType = sourcecode.swift; path = SettingVC.swift; sourceTree = "<group>"; };
		6C32BB2329E2F3BE00379A9A /* SettingTableViewCell.swift */ = {isa = PBXFileReference; lastKnownFileType = sourcecode.swift; path = SettingTableViewCell.swift; sourceTree = "<group>"; };
		6C3876CA29E0571800C53440 /* ContactsTableViewCell.swift */ = {isa = PBXFileReference; lastKnownFileType = sourcecode.swift; path = ContactsTableViewCell.swift; sourceTree = "<group>"; };
/* End PBXFileReference section */

/* Begin PBXFrameworksBuildPhase section */
		6C29405B29E00D5800C501D7 /* Frameworks */ = {
			isa = PBXFrameworksBuildPhase;
			buildActionMask = 2147483647;
			files = (
			);
			runOnlyForDeploymentPostprocessing = 0;
		};
/* End PBXFrameworksBuildPhase section */

/* Begin PBXGroup section */
		6C29405529E00D5800C501D7 = {
			isa = PBXGroup;
			children = (
				6C29406029E00D5800C501D7 /* ContactsApp */,
				6C29405F29E00D5800C501D7 /* Products */,
			);
			sourceTree = "<group>";
		};
		6C29405F29E00D5800C501D7 /* Products */ = {
			isa = PBXGroup;
			children = (
				6C29405E29E00D5800C501D7 /* ContactsApp.app */,
			);
			name = Products;
			sourceTree = "<group>";
		};
		6C29406029E00D5800C501D7 /* ContactsApp */ = {
			isa = PBXGroup;
			children = (
				6C32BB1E29E2E58B00379A9A /* Extensions */,
				6C29407829E0110300C501D7 /* Model */,
				6C29407729E010BC00C501D7 /* Controllers */,
				6C29407B29E0114900C501D7 /* View */,
				6C29406129E00D5800C501D7 /* AppDelegate.swift */,
				6C29406329E00D5800C501D7 /* SceneDelegate.swift */,
				6C01494429E82A46000C0D8E /* FileHandler.swift */,
				6C29406A29E00D5B00C501D7 /* Assets.xcassets */,
				6C29406C29E00D5B00C501D7 /* LaunchScreen.storyboard */,
				6C29406F29E00D5B00C501D7 /* Info.plist */,
			);
			path = ContactsApp;
			sourceTree = "<group>";
		};
		6C29407729E010BC00C501D7 /* Controllers */ = {
			isa = PBXGroup;
			children = (
				6C29406529E00D5800C501D7 /* ContactsVC.swift */,
				6C29407E29E0160E00C501D7 /* AddContactVC.swift */,
				6C32BB2129E2EDDE00379A9A /* SettingVC.swift */,
			);
			path = Controllers;
			sourceTree = "<group>";
		};
		6C29407829E0110300C501D7 /* Model */ = {
			isa = PBXGroup;
			children = (
				6C29407929E0113400C501D7 /* ContactModel.swift */,
			);
			path = Model;
			sourceTree = "<group>";
		};
		6C29407B29E0114900C501D7 /* View */ = {
			isa = PBXGroup;
			children = (
				6C3876CA29E0571800C53440 /* ContactsTableViewCell.swift */,
				6C32BB1A29E2DCF800379A9A /* AddNameTableViewCell.swift */,
				6C29408029E0164000C501D7 /* AddSurnameTableViewCell.swift */,
				6C32BB1C29E2DE1800379A9A /* AddPhoneTableViewCell.swift */,
				6C32BB2329E2F3BE00379A9A /* SettingTableViewCell.swift */,
			);
			path = View;
			sourceTree = "<group>";
		};
		6C32BB1E29E2E58B00379A9A /* Extensions */ = {
			isa = PBXGroup;
			children = (
				6C32BB1F29E2E5C200379A9A /* UITextFieldExtension.swift */,
			);
			path = Extensions;
			sourceTree = "<group>";
		};
/* End PBXGroup section */

/* Begin PBXNativeTarget section */
		6C29405D29E00D5800C501D7 /* ContactsApp */ = {
			isa = PBXNativeTarget;
			buildConfigurationList = 6C29407229E00D5B00C501D7 /* Build configuration list for PBXNativeTarget "ContactsApp" */;
			buildPhases = (
				6C29405A29E00D5800C501D7 /* Sources */,
				6C29405B29E00D5800C501D7 /* Frameworks */,
				6C29405C29E00D5800C501D7 /* Resources */,
			);
			buildRules = (
			);
			dependencies = (
			);
			name = ContactsApp;
			productName = ContactsApp;
			productReference = 6C29405E29E00D5800C501D7 /* ContactsApp.app */;
			productType = "com.apple.product-type.application";
		};
/* End PBXNativeTarget section */

/* Begin PBXProject section */
		6C29405629E00D5800C501D7 /* Project object */ = {
			isa = PBXProject;
			attributes = {
				BuildIndependentTargetsInParallel = 1;
				LastSwiftUpdateCheck = 1430;
				LastUpgradeCheck = 1430;
				TargetAttributes = {
					6C29405D29E00D5800C501D7 = {
						CreatedOnToolsVersion = 14.3;
					};
				};
			};
			buildConfigurationList = 6C29405929E00D5800C501D7 /* Build configuration list for PBXProject "ContactsApp" */;
			compatibilityVersion = "Xcode 14.0";
			developmentRegion = en;
			hasScannedForEncodings = 0;
			knownRegions = (
				en,
				Base,
			);
			mainGroup = 6C29405529E00D5800C501D7;
			productRefGroup = 6C29405F29E00D5800C501D7 /* Products */;
			projectDirPath = "";
			projectRoot = "";
			targets = (
				6C29405D29E00D5800C501D7 /* ContactsApp */,
			);
		};
/* End PBXProject section */

/* Begin PBXResourcesBuildPhase section */
		6C29405C29E00D5800C501D7 /* Resources */ = {
			isa = PBXResourcesBuildPhase;
			buildActionMask = 2147483647;
			files = (
				6C29406E29E00D5B00C501D7 /* LaunchScreen.storyboard in Resources */,
				6C29406B29E00D5B00C501D7 /* Assets.xcassets in Resources */,
			);
			runOnlyForDeploymentPostprocessing = 0;
		};
/* End PBXResourcesBuildPhase section */

/* Begin PBXSourcesBuildPhase section */
		6C29405A29E00D5800C501D7 /* Sources */ = {
			isa = PBXSourcesBuildPhase;
			buildActionMask = 2147483647;
			files = (
				6C32BB1D29E2DE1800379A9A /* AddPhoneTableViewCell.swift in Sources */,
				6C3876CB29E0571800C53440 /* ContactsTableViewCell.swift in Sources */,
				6C29408129E0164000C501D7 /* AddSurnameTableViewCell.swift in Sources */,
				6C32BB1B29E2DCF800379A9A /* AddNameTableViewCell.swift in Sources */,
				6C32BB2029E2E5C200379A9A /* UITextFieldExtension.swift in Sources */,
				6C29407F29E0160E00C501D7 /* AddContactVC.swift in Sources */,
				6C32BB2429E2F3BE00379A9A /* SettingTableViewCell.swift in Sources */,
				6C29406629E00D5800C501D7 /* ContactsVC.swift in Sources */,
				6C01494529E82A46000C0D8E /* FileHandler.swift in Sources */,
				6C32BB2229E2EDDE00379A9A /* SettingVC.swift in Sources */,
				6C29406229E00D5800C501D7 /* AppDelegate.swift in Sources */,
				6C29406429E00D5800C501D7 /* SceneDelegate.swift in Sources */,
				6C29407A29E0113400C501D7 /* ContactModel.swift in Sources */,
			);
			runOnlyForDeploymentPostprocessing = 0;
		};
/* End PBXSourcesBuildPhase section */

/* Begin PBXVariantGroup section */
		6C29406C29E00D5B00C501D7 /* LaunchScreen.storyboard */ = {
			isa = PBXVariantGroup;
			children = (
				6C29406D29E00D5B00C501D7 /* Base */,
			);
			name = LaunchScreen.storyboard;
			sourceTree = "<group>";
		};
/* End PBXVariantGroup section */

/* Begin XCBuildConfiguration section */
		6C29407029E00D5B00C501D7 /* Debug */ = {
			isa = XCBuildConfiguration;
			buildSettings = {
				ALWAYS_SEARCH_USER_PATHS = NO;
				CLANG_ANALYZER_NONNULL = YES;
				CLANG_ANALYZER_NUMBER_OBJECT_CONVERSION = YES_AGGRESSIVE;
				CLANG_CXX_LANGUAGE_STANDARD = "gnu++20";
				CLANG_ENABLE_MODULES = YES;
				CLANG_ENABLE_OBJC_ARC = YES;
				CLANG_ENABLE_OBJC_WEAK = YES;
				CLANG_WARN_BLOCK_CAPTURE_AUTORELEASING = YES;
				CLANG_WARN_BOOL_CONVERSION = YES;
				CLANG_WARN_COMMA = YES;
				CLANG_WARN_CONSTANT_CONVERSION = YES;
				CLANG_WARN_DEPRECATED_OBJC_IMPLEMENTATIONS = YES;
				CLANG_WARN_DIRECT_OBJC_ISA_USAGE = YES_ERROR;
				CLANG_WARN_DOCUMENTATION_COMMENTS = YES;
				CLANG_WARN_EMPTY_BODY = YES;
				CLANG_WARN_ENUM_CONVERSION = YES;
				CLANG_WARN_INFINITE_RECURSION = YES;
				CLANG_WARN_INT_CONVERSION = YES;
				CLANG_WARN_NON_LITERAL_NULL_CONVERSION = YES;
				CLANG_WARN_OBJC_IMPLICIT_RETAIN_SELF = YES;
				CLANG_WARN_OBJC_LITERAL_CONVERSION = YES;
				CLANG_WARN_OBJC_ROOT_CLASS = YES_ERROR;
				CLANG_WARN_QUOTED_INCLUDE_IN_FRAMEWORK_HEADER = YES;
				CLANG_WARN_RANGE_LOOP_ANALYSIS = YES;
				CLANG_WARN_STRICT_PROTOTYPES = YES;
				CLANG_WARN_SUSPICIOUS_MOVE = YES;
				CLANG_WARN_UNGUARDED_AVAILABILITY = YES_AGGRESSIVE;
				CLANG_WARN_UNREACHABLE_CODE = YES;
				CLANG_WARN__DUPLICATE_METHOD_MATCH = YES;
				COPY_PHASE_STRIP = NO;
				DEBUG_INFORMATION_FORMAT = dwarf;
				ENABLE_STRICT_OBJC_MSGSEND = YES;
				ENABLE_TESTABILITY = YES;
				GCC_C_LANGUAGE_STANDARD = gnu11;
				GCC_DYNAMIC_NO_PIC = NO;
				GCC_NO_COMMON_BLOCKS = YES;
				GCC_OPTIMIZATION_LEVEL = 0;
				GCC_PREPROCESSOR_DEFINITIONS = (
					"DEBUG=1",
					"$(inherited)",
				);
				GCC_WARN_64_TO_32_BIT_CONVERSION = YES;
				GCC_WARN_ABOUT_RETURN_TYPE = YES_ERROR;
				GCC_WARN_UNDECLARED_SELECTOR = YES;
				GCC_WARN_UNINITIALIZED_AUTOS = YES_AGGRESSIVE;
				GCC_WARN_UNUSED_FUNCTION = YES;
				GCC_WARN_UNUSED_VARIABLE = YES;
				IPHONEOS_DEPLOYMENT_TARGET = 16.4;
				MTL_ENABLE_DEBUG_INFO = INCLUDE_SOURCE;
				MTL_FAST_MATH = YES;
				ONLY_ACTIVE_ARCH = YES;
				SDKROOT = iphoneos;
				SWIFT_ACTIVE_COMPILATION_CONDITIONS = DEBUG;
				SWIFT_OPTIMIZATION_LEVEL = "-Onone";
			};
			name = Debug;
		};
		6C29407129E00D5B00C501D7 /* Release */ = {
			isa = XCBuildConfiguration;
			buildSettings = {
				ALWAYS_SEARCH_USER_PATHS = NO;
				CLANG_ANALYZER_NONNULL = YES;
				CLANG_ANALYZER_NUMBER_OBJECT_CONVERSION = YES_AGGRESSIVE;
				CLANG_CXX_LANGUAGE_STANDARD = "gnu++20";
				CLANG_ENABLE_MODULES = YES;
				CLANG_ENABLE_OBJC_ARC = YES;
				CLANG_ENABLE_OBJC_WEAK = YES;
				CLANG_WARN_BLOCK_CAPTURE_AUTORELEASING = YES;
				CLANG_WARN_BOOL_CONVERSION = YES;
				CLANG_WARN_COMMA = YES;
				CLANG_WARN_CONSTANT_CONVERSION = YES;
				CLANG_WARN_DEPRECATED_OBJC_IMPLEMENTATIONS = YES;
				CLANG_WARN_DIRECT_OBJC_ISA_USAGE = YES_ERROR;
				CLANG_WARN_DOCUMENTATION_COMMENTS = YES;
				CLANG_WARN_EMPTY_BODY = YES;
				CLANG_WARN_ENUM_CONVERSION = YES;
				CLANG_WARN_INFINITE_RECURSION = YES;
				CLANG_WARN_INT_CONVERSION = YES;
				CLANG_WARN_NON_LITERAL_NULL_CONVERSION = YES;
				CLANG_WARN_OBJC_IMPLICIT_RETAIN_SELF = YES;
				CLANG_WARN_OBJC_LITERAL_CONVERSION = YES;
				CLANG_WARN_OBJC_ROOT_CLASS = YES_ERROR;
				CLANG_WARN_QUOTED_INCLUDE_IN_FRAMEWORK_HEADER = YES;
				CLANG_WARN_RANGE_LOOP_ANALYSIS = YES;
				CLANG_WARN_STRICT_PROTOTYPES = YES;
				CLANG_WARN_SUSPICIOUS_MOVE = YES;
				CLANG_WARN_UNGUARDED_AVAILABILITY = YES_AGGRESSIVE;
				CLANG_WARN_UNREACHABLE_CODE = YES;
				CLANG_WARN__DUPLICATE_METHOD_MATCH = YES;
				COPY_PHASE_STRIP = NO;
				DEBUG_INFORMATION_FORMAT = "dwarf-with-dsym";
				ENABLE_NS_ASSERTIONS = NO;
				ENABLE_STRICT_OBJC_MSGSEND = YES;
				GCC_C_LANGUAGE_STANDARD = gnu11;
				GCC_NO_COMMON_BLOCKS = YES;
				GCC_WARN_64_TO_32_BIT_CONVERSION = YES;
				GCC_WARN_ABOUT_RETURN_TYPE = YES_ERROR;
				GCC_WARN_UNDECLARED_SELECTOR = YES;
				GCC_WARN_UNINITIALIZED_AUTOS = YES_AGGRESSIVE;
				GCC_WARN_UNUSED_FUNCTION = YES;
				GCC_WARN_UNUSED_VARIABLE = YES;
				IPHONEOS_DEPLOYMENT_TARGET = 16.4;
				MTL_ENABLE_DEBUG_INFO = NO;
				MTL_FAST_MATH = YES;
				SDKROOT = iphoneos;
				SWIFT_COMPILATION_MODE = wholemodule;
				SWIFT_OPTIMIZATION_LEVEL = "-O";
				VALIDATE_PRODUCT = YES;
			};
			name = Release;
		};
		6C29407329E00D5B00C501D7 /* Debug */ = {
			isa = XCBuildConfiguration;
			buildSettings = {
				ASSETCATALOG_COMPILER_APPICON_NAME = AppIcon;
				ASSETCATALOG_COMPILER_GLOBAL_ACCENT_COLOR_NAME = AccentColor;
				CODE_SIGN_STYLE = Automatic;
				CURRENT_PROJECT_VERSION = 1;
				GENERATE_INFOPLIST_FILE = YES;
				INFOPLIST_FILE = ContactsApp/Info.plist;
				INFOPLIST_KEY_UIApplicationSupportsIndirectInputEvents = YES;
				INFOPLIST_KEY_UILaunchStoryboardName = LaunchScreen;
				INFOPLIST_KEY_UISupportedInterfaceOrientations_iPad = "UIInterfaceOrientationPortrait UIInterfaceOrientationPortraitUpsideDown UIInterfaceOrientationLandscapeLeft UIInterfaceOrientationLandscapeRight";
				INFOPLIST_KEY_UISupportedInterfaceOrientations_iPhone = "UIInterfaceOrientationPortrait UIInterfaceOrientationLandscapeLeft UIInterfaceOrientationLandscapeRight";
				LD_RUNPATH_SEARCH_PATHS = (
					"$(inherited)",
					"@executable_path/Frameworks",
				);
				MARKETING_VERSION = 1.0;
				PRODUCT_BUNDLE_IDENTIFIER = Course.ContactsApp;
				PRODUCT_NAME = "$(TARGET_NAME)";
				SWIFT_EMIT_LOC_STRINGS = YES;
				SWIFT_VERSION = 5.0;
				TARGETED_DEVICE_FAMILY = "1,2";
			};
			name = Debug;
		};
		6C29407429E00D5B00C501D7 /* Release */ = {
			isa = XCBuildConfiguration;
			buildSettings = {
				ASSETCATALOG_COMPILER_APPICON_NAME = AppIcon;
				ASSETCATALOG_COMPILER_GLOBAL_ACCENT_COLOR_NAME = AccentColor;
				CODE_SIGN_STYLE = Automatic;
				CURRENT_PROJECT_VERSION = 1;
				GENERATE_INFOPLIST_FILE = YES;
				INFOPLIST_FILE = ContactsApp/Info.plist;
				INFOPLIST_KEY_UIApplicationSupportsIndirectInputEvents = YES;
				INFOPLIST_KEY_UILaunchStoryboardName = LaunchScreen;
				INFOPLIST_KEY_UISupportedInterfaceOrientations_iPad = "UIInterfaceOrientationPortrait UIInterfaceOrientationPortraitUpsideDown UIInterfaceOrientationLandscapeLeft UIInterfaceOrientationLandscapeRight";
				INFOPLIST_KEY_UISupportedInterfaceOrientations_iPhone = "UIInterfaceOrientationPortrait UIInterfaceOrientationLandscapeLeft UIInterfaceOrientationLandscapeRight";
				LD_RUNPATH_SEARCH_PATHS = (
					"$(inherited)",
					"@executable_path/Frameworks",
				);
				MARKETING_VERSION = 1.0;
				PRODUCT_BUNDLE_IDENTIFIER = Course.ContactsApp;
				PRODUCT_NAME = "$(TARGET_NAME)";
				SWIFT_EMIT_LOC_STRINGS = YES;
				SWIFT_VERSION = 5.0;
				TARGETED_DEVICE_FAMILY = "1,2";
			};
			name = Release;
		};
/* End XCBuildConfiguration section */

/* Begin XCConfigurationList section */
		6C29405929E00D5800C501D7 /* Build configuration list for PBXProject "ContactsApp" */ = {
			isa = XCConfigurationList;
			buildConfigurations = (
				6C29407029E00D5B00C501D7 /* Debug */,
				6C29407129E00D5B00C501D7 /* Release */,
			);
			defaultConfigurationIsVisible = 0;
			defaultConfigurationName = Release;
		};
		6C29407229E00D5B00C501D7 /* Build configuration list for PBXNativeTarget "ContactsApp" */ = {
			isa = XCConfigurationList;
			buildConfigurations = (
				6C29407329E00D5B00C501D7 /* Debug */,
				6C29407429E00D5B00C501D7 /* Release */,
			);
			defaultConfigurationIsVisible = 0;
			defaultConfigurationName = Release;
		};
/* End XCConfigurationList section */
	};
	rootObject = 6C29405629E00D5800C501D7 /* Project object */;
}
